
Microsoft Visual Studio Solution File, Format Version 12.00
# Visual Studio Version 17
VisualStudioVersion = 17.7.34031.279
MinimumVisualStudioVersion = 10.0.40219.1
Project("{FAE04EC0-301F-11D3-BF4B-00C04F79EFBC}") = "App", "App\App.csproj", "{451A4FC7-246A-4977-952D-E588B9DC7FD9}"
EndProject
Project("{FAE04EC0-301F-11D3-BF4B-00C04F79EFBC}") = "UnitTest", "UnitTest\UnitTest.csproj", "{F23C9F54-E207-483F-8924-28DF92DE6E91}"
EndProject
Global
	GlobalSection(SolutionConfigurationPlatforms) = preSolution
		Debug|Any CPU = Debug|Any CPU
		Release|Any CPU = Release|Any CPU
	EndGlobalSection
	GlobalSection(ProjectConfigurationPlatforms) = postSolution
		{451A4FC7-246A-4977-952D-E588B9DC7FD9}.Debug|Any CPU.ActiveCfg = Debug|Any CPU
		{451A4FC7-246A-4977-952D-E588B9DC7FD9}.Debug|Any CPU.Build.0 = Debug|Any CPU
		{451A4FC7-246A-4977-952D-E588B9DC7FD9}.Release|Any CPU.ActiveCfg = Release|Any CPU
		{451A4FC7-246A-4977-952D-E588B9DC7FD9}.Release|Any CPU.Build.0 = Release|Any CPU
		{F23C9F54-E207-483F-8924-28DF92DE6E91}.Debug|Any CPU.ActiveCfg = Debug|Any CPU
		{F23C9F54-E207-483F-8924-28DF92DE6E91}.Debug|Any CPU.Build.0 = Debug|Any CPU
		{F23C9F54-E207-483F-8924-28DF92DE6E91}.Release|Any CPU.ActiveCfg = Release|Any CPU
		{F23C9F54-E207-483F-8924-28DF92DE6E91}.Release|Any CPU.Build.0 = Release|Any CPU
	EndGlobalSection
	GlobalSection(SolutionProperties) = preSolution
		HideSolutionNode = FALSE
	EndGlobalSection
	GlobalSection(ExtensibilityGlobals) = postSolution
		SolutionGuid = {C570BC5A-A7B8-46AF-806A-D1A9A70F325A}
	EndGlobalSection
EndGlobal
